// !$*UTF8*$!
{
	archiveVersion = 1;
	classes = {
	};
	objectVersion = 50;
	objects = {

/* Begin PBXBuildFile section */
		BA09602521253CCA00900AF1 /* AppDelegate.swift in Sources */ = {isa = PBXBuildFile; fileRef = BA09602421253CCA00900AF1 /* AppDelegate.swift */; };
		BA09602A21253CCA00900AF1 /* Main.storyboard in Resources */ = {isa = PBXBuildFile; fileRef = BA09602821253CCA00900AF1 /* Main.storyboard */; };
		BA09602C21253CCB00900AF1 /* Assets.xcassets in Resources */ = {isa = PBXBuildFile; fileRef = BA09602B21253CCB00900AF1 /* Assets.xcassets */; };
		BA09602F21253CCB00900AF1 /* LaunchScreen.storyboard in Resources */ = {isa = PBXBuildFile; fileRef = BA09602D21253CCB00900AF1 /* LaunchScreen.storyboard */; };
		BA09603721253FBD00900AF1 /* ListTableViewController.swift in Sources */ = {isa = PBXBuildFile; fileRef = BA09603621253FBD00900AF1 /* ListTableViewController.swift */; };
		BA09603921253FC600900AF1 /* DetailTableViewController.swift in Sources */ = {isa = PBXBuildFile; fileRef = BA09603821253FC600900AF1 /* DetailTableViewController.swift */; };
		BA09603B212540AE00900AF1 /* Person.swift in Sources */ = {isa = PBXBuildFile; fileRef = BA09603A212540AE00900AF1 /* Person.swift */; };
/* End PBXBuildFile section */

/* Begin PBXFileReference section */
		BA09602121253CCA00900AF1 /* Privateaddressbook.app */ = {isa = PBXFileReference; explicitFileType = wrapper.application; includeInIndex = 0; path = Privateaddressbook.app; sourceTree = BUILT_PRODUCTS_DIR; };
		BA09602421253CCA00900AF1 /* AppDelegate.swift */ = {isa = PBXFileReference; lastKnownFileType = sourcecode.swift; path = AppDelegate.swift; sourceTree = "<group>"; };
		BA09602921253CCA00900AF1 /* Base */ = {isa = PBXFileReference; lastKnownFileType = file.storyboard; name = Base; path = Base.lproj/Main.storyboard; sourceTree = "<group>"; };
		BA09602B21253CCB00900AF1 /* Assets.xcassets */ = {isa = PBXFileReference; lastKnownFileType = folder.assetcatalog; path = Assets.xcassets; sourceTree = "<group>"; };
		BA09602E21253CCB00900AF1 /* Base */ = {isa = PBXFileReference; lastKnownFileType = file.storyboard; name = Base; path = Base.lproj/LaunchScreen.storyboard; sourceTree = "<group>"; };
		BA09603021253CCB00900AF1 /* Info.plist */ = {isa = PBXFileReference; lastKnownFileType = text.plist.xml; path = Info.plist; sourceTree = "<group>"; };
		BA09603621253FBD00900AF1 /* ListTableViewController.swift */ = {isa = PBXFileReference; lastKnownFileType = sourcecode.swift; path = ListTableViewController.swift; sourceTree = "<group>"; };
		BA09603821253FC600900AF1 /* DetailTableViewController.swift */ = {isa = PBXFileReference; lastKnownFileType = sourcecode.swift; path = DetailTableViewController.swift; sourceTree = "<group>"; };
		BA09603A212540AE00900AF1 /* Person.swift */ = {isa = PBXFileReference; lastKnownFileType = sourcecode.swift; path = Person.swift; sourceTree = "<group>"; };
/* End PBXFileReference section */

/* Begin PBXFrameworksBuildPhase section */
		BA09601E21253CCA00900AF1 /* Frameworks */ = {
			isa = PBXFrameworksBuildPhase;
			buildActionMask = 2147483647;
			files = (
			);
			runOnlyForDeploymentPostprocessing = 0;
		};
/* End PBXFrameworksBuildPhase section */

/* Begin PBXGroup section */
		BA09601821253CCA00900AF1 = {
			isa = PBXGroup;
			children = (
				BA09602321253CCA00900AF1 /* Privateaddressbook */,
				BA09602221253CCA00900AF1 /* Products */,
			);
			sourceTree = "<group>";
		};
		BA09602221253CCA00900AF1 /* Products */ = {
			isa = PBXGroup;
			children = (
				BA09602121253CCA00900AF1 /* Privateaddressbook.app */,
			);
			name = Products;
			sourceTree = "<group>";
		};
		BA09602321253CCA00900AF1 /* Privateaddressbook */ = {
			isa = PBXGroup;
			children = (
				BA09602421253CCA00900AF1 /* AppDelegate.swift */,
				BA09603621253FBD00900AF1 /* ListTableViewController.swift */,
				BA09603821253FC600900AF1 /* DetailTableViewController.swift */,
				BA09603A212540AE00900AF1 /* Person.swift */,
				BA09602821253CCA00900AF1 /* Main.storyboard */,
				BA09602B21253CCB00900AF1 /* Assets.xcassets */,
				BA09602D21253CCB00900AF1 /* LaunchScreen.storyboard */,
				BA09603021253CCB00900AF1 /* Info.plist */,
			);
			path = Privateaddressbook;
			sourceTree = "<group>";
		};
/* End PBXGroup section */

/* Begin PBXNativeTarget section */
		BA09602021253CCA00900AF1 /* Privateaddressbook */ = {
			isa = PBXNativeTarget;
			buildConfigurationList = BA09603321253CCB00900AF1 /* Build configuration list for PBXNativeTarget "Privateaddressbook" */;
			buildPhases = (
				BA09601D21253CCA00900AF1 /* Sources */,
				BA09601E21253CCA00900AF1 /* Frameworks */,
				BA09601F21253CCA00900AF1 /* Resources */,
			);
			buildRules = (
			);
			dependencies = (
			);
			name = Privateaddressbook;
			productName = Privateaddressbook;
			productReference = BA09602121253CCA00900AF1 /* Privateaddressbook.app */;
			productType = "com.apple.product-type.application";
		};
/* End PBXNativeTarget section */

/* Begin PBXProject section */
		BA09601921253CCA00900AF1 /* Project object */ = {
			isa = PBXProject;
			attributes = {
				LastSwiftUpdateCheck = 0940;
				LastUpgradeCheck = 0940;
				ORGANIZATIONNAME = zhangyafeng;
				TargetAttributes = {
					BA09602021253CCA00900AF1 = {
						CreatedOnToolsVersion = 9.4.1;
					};
				};
			};
			buildConfigurationList = BA09601C21253CCA00900AF1 /* Build configuration list for PBXProject "Privateaddressbook" */;
			compatibilityVersion = "Xcode 9.3";
			developmentRegion = en;
			hasScannedForEncodings = 0;
			knownRegions = (
				en,
				Base,
			);
			mainGroup = BA09601821253CCA00900AF1;
			productRefGroup = BA09602221253CCA00900AF1 /* Products */;
			projectDirPath = "";
			projectRoot = "";
			targets = (
				BA09602021253CCA00900AF1 /* Privateaddressbook */,
			);
		};
/* End PBXProject section */

/* Begin PBXResourcesBuildPhase section */
		BA09601F21253CCA00900AF1 /* Resources */ = {
			isa = PBXResourcesBuildPhase;
			buildActionMask = 2147483647;
			files = (
				BA09602F21253CCB00900AF1 /* LaunchScreen.storyboard in Resources */,
				BA09602C21253CCB00900AF1 /* Assets.xcassets in Resources */,
				BA09602A21253CCA00900AF1 /* Main.storyboard in Resources */,
			);
			runOnlyForDeploymentPostprocessing = 0;
		};
/* End PBXResourcesBuildPhase section */

/* Begin PBXSourcesBuildPhase section */
		BA09601D21253CCA00900AF1 /* Sources */ = {
			isa = PBXSourcesBuildPhase;
			buildActionMask = 2147483647;
			files = (
				BA09603921253FC600900AF1 /* DetailTableViewController.swift in Sources */,
				BA09602521253CCA00900AF1 /* AppDelegate.swift in Sources */,
				BA09603B212540AE00900AF1 /* Person.swift in Sources */,
				BA09603721253FBD00900AF1 /* ListTableViewController.swift in Sources */,
			);
			runOnlyForDeploymentPostprocessing = 0;
		};
/* End PBXSourcesBuildPhase section */

/* Begin PBXVariantGroup section */
		BA09602821253CCA00900AF1 /* Main.storyboard */ = {
			isa = PBXVariantGroup;
			children = (
				BA09602921253CCA00900AF1 /* Base */,
			);
			name = Main.storyboard;
			sourceTree = "<group>";
		};
		BA09602D21253CCB00900AF1 /* LaunchScreen.storyboard */ = {
			isa = PBXVariantGroup;
			children = (
				BA09602E21253CCB00900AF1 /* Base */,
			);
			name = LaunchScreen.storyboard;
			sourceTree = "<group>";
		};
/* End PBXVariantGroup section */

/* Begin XCBuildConfiguration section */
		BA09603121253CCB00900AF1 /* Debug */ = {
			isa = XCBuildConfiguration;
			buildSettings = {
				ALWAYS_SEARCH_USER_PATHS = NO;
				CLANG_ANALYZER_NONNULL = YES;
				CLANG_ANALYZER_NUMBER_OBJECT_CONVERSION = YES_AGGRESSIVE;
				CLANG_CXX_LANGUAGE_STANDARD = "gnu++14";
				CLANG_CXX_LIBRARY = "libc++";
				CLANG_ENABLE_MODULES = YES;
				CLANG_ENABLE_OBJC_ARC = YES;
				CLANG_ENABLE_OBJC_WEAK = YES;
				CLANG_WARN_BLOCK_CAPTURE_AUTORELEASING = YES;
				CLANG_WARN_BOOL_CONVERSION = YES;
				CLANG_WARN_COMMA = YES;
				CLANG_WARN_CONSTANT_CONVERSION = YES;
				CLANG_WARN_DEPRECATED_OBJC_IMPLEMENTATIONS = YES;
				CLANG_WARN_DIRECT_OBJC_ISA_USAGE = YES_ERROR;
				CLANG_WARN_DOCUMENTATION_COMMENTS = YES;
				CLANG_WARN_EMPTY_BODY = YES;
				CLANG_WARN_ENUM_CONVERSION = YES;
				CLANG_WARN_INFINITE_RECURSION = YES;
				CLANG_WARN_INT_CONVERSION = YES;
				CLANG_WARN_NON_LITERAL_NULL_CONVERSION = YES;
				CLANG_WARN_OBJC_IMPLICIT_RETAIN_SELF = YES;
				CLANG_WARN_OBJC_LITERAL_CONVERSION = YES;
				CLANG_WARN_OBJC_ROOT_CLASS = YES_ERROR;
				CLANG_WARN_RANGE_LOOP_ANALYSIS = YES;
				CLANG_WARN_STRICT_PROTOTYPES = YES;
				CLANG_WARN_SUSPICIOUS_MOVE = YES;
				CLANG_WARN_UNGUARDED_AVAILABILITY = YES_AGGRESSIVE;
				CLANG_WARN_UNREACHABLE_CODE = YES;
				CLANG_WARN__DUPLICATE_METHOD_MATCH = YES;
				CODE_SIGN_IDENTITY = "iPhone Developer";
				COPY_PHASE_STRIP = NO;
				DEBUG_INFORMATION_FORMAT = dwarf;
				ENABLE_STRICT_OBJC_MSGSEND = YES;
				ENABLE_TESTABILITY = YES;
				GCC_C_LANGUAGE_STANDARD = gnu11;
				GCC_DYNAMIC_NO_PIC = NO;
				GCC_NO_COMMON_BLOCKS = YES;
				GCC_OPTIMIZATION_LEVEL = 0;
				GCC_PREPROCESSOR_DEFINITIONS = (
					"DEBUG=1",
					"$(inherited)",
				);
				GCC_WARN_64_TO_32_BIT_CONVERSION = YES;
				GCC_WARN_ABOUT_RETURN_TYPE = YES_ERROR;
				GCC_WARN_UNDECLARED_SELECTOR = YES;
				GCC_WARN_UNINITIALIZED_AUTOS = YES_AGGRESSIVE;
				GCC_WARN_UNUSED_FUNCTION = YES;
				GCC_WARN_UNUSED_VARIABLE = YES;
				IPHONEOS_DEPLOYMENT_TARGET = 11.4;
				MTL_ENABLE_DEBUG_INFO = YES;
				ONLY_ACTIVE_ARCH = YES;
				SDKROOT = iphoneos;
				SWIFT_ACTIVE_COMPILATION_CONDITIONS = DEBUG;
				SWIFT_OPTIMIZATION_LEVEL = "-Onone";
			};
			name = Debug;
		};
		BA09603221253CCB00900AF1 /* Release */ = {
			isa = XCBuildConfiguration;
			buildSettings = {
				ALWAYS_SEARCH_USER_PATHS = NO;
				CLANG_ANALYZER_NONNULL = YES;
				CLANG_ANALYZER_NUMBER_OBJECT_CONVERSION = YES_AGGRESSIVE;
				CLANG_CXX_LANGUAGE_STANDARD = "gnu++14";
				CLANG_CXX_LIBRARY = "libc++";
				CLANG_ENABLE_MODULES = YES;
				CLANG_ENABLE_OBJC_ARC = YES;
				CLANG_ENABLE_OBJC_WEAK = YES;
				CLANG_WARN_BLOCK_CAPTURE_AUTORELEASING = YES;
				CLANG_WARN_BOOL_CONVERSION = YES;
				CLANG_WARN_COMMA = YES;
				CLANG_WARN_CONSTANT_CONVERSION = YES;
				CLANG_WARN_DEPRECATED_OBJC_IMPLEMENTATIONS = YES;
				CLANG_WARN_DIRECT_OBJC_ISA_USAGE = YES_ERROR;
				CLANG_WARN_DOCUMENTATION_COMMENTS = YES;
				CLANG_WARN_EMPTY_BODY = YES;
				CLANG_WARN_ENUM_CONVERSION = YES;
				CLANG_WARN_INFINITE_RECURSION = YES;
				CLANG_WARN_INT_CONVERSION = YES;
				CLANG_WARN_NON_LITERAL_NULL_CONVERSION = YES;
				CLANG_WARN_OBJC_IMPLICIT_RETAIN_SELF = YES;
				CLANG_WARN_OBJC_LITERAL_CONVERSION = YES;
				CLANG_WARN_OBJC_ROOT_CLASS = YES_ERROR;
				CLANG_WARN_RANGE_LOOP_ANALYSIS = YES;
				CLANG_WARN_STRICT_PROTOTYPES = YES;
				CLANG_WARN_SUSPICIOUS_MOVE = YES;
				CLANG_WARN_UNGUARDED_AVAILABILITY = YES_AGGRESSIVE;
				CLANG_WARN_UNREACHABLE_CODE = YES;
				CLANG_WARN__DUPLICATE_METHOD_MATCH = YES;
				CODE_SIGN_IDENTITY = "iPhone Developer";
				COPY_PHASE_STRIP = NO;
				DEBUG_INFORMATION_FORMAT = "dwarf-with-dsym";
				ENABLE_NS_ASSERTIONS = NO;
				ENABLE_STRICT_OBJC_MSGSEND = YES;
				GCC_C_LANGUAGE_STANDARD = gnu11;
				GCC_NO_COMMON_BLOCKS = YES;
				GCC_WARN_64_TO_32_BIT_CONVERSION = YES;
				GCC_WARN_ABOUT_RETURN_TYPE = YES_ERROR;
				GCC_WARN_UNDECLARED_SELECTOR = YES;
				GCC_WARN_UNINITIALIZED_AUTOS = YES_AGGRESSIVE;
				GCC_WARN_UNUSED_FUNCTION = YES;
				GCC_WARN_UNUSED_VARIABLE = YES;
				IPHONEOS_DEPLOYMENT_TARGET = 11.4;
				MTL_ENABLE_DEBUG_INFO = NO;
				SDKROOT = iphoneos;
				SWIFT_COMPILATION_MODE = wholemodule;
				SWIFT_OPTIMIZATION_LEVEL = "-O";
				VALIDATE_PRODUCT = YES;
			};
			name = Release;
		};
		BA09603421253CCB00900AF1 /* Debug */ = {
			isa = XCBuildConfiguration;
			buildSettings = {
				ASSETCATALOG_COMPILER_APPICON_NAME = AppIcon;
				CODE_SIGN_STYLE = Automatic;
				INFOPLIST_FILE = Privateaddressbook/Info.plist;
				LD_RUNPATH_SEARCH_PATHS = (
					"$(inherited)",
					"@executable_path/Frameworks",
				);
				PRODUCT_BUNDLE_IDENTIFIER = zhangyafeng.Privateaddressbook;
				PRODUCT_NAME = "$(TARGET_NAME)";
				SWIFT_VERSION = 4.0;
				TARGETED_DEVICE_FAMILY = "1,2";
			};
			name = Debug;
		};
		BA09603521253CCB00900AF1 /* Release */ = {
			isa = XCBuildConfiguration;
			buildSettings = {
				ASSETCATALOG_COMPILER_APPICON_NAME = AppIcon;
				CODE_SIGN_STYLE = Automatic;
				INFOPLIST_FILE = Privateaddressbook/Info.plist;
				LD_RUNPATH_SEARCH_PATHS = (
					"$(inherited)",
					"@executable_path/Frameworks",
				);
				PRODUCT_BUNDLE_IDENTIFIER = zhangyafeng.Privateaddressbook;
				PRODUCT_NAME = "$(TARGET_NAME)";
				SWIFT_VERSION = 4.0;
				TARGETED_DEVICE_FAMILY = "1,2";
			};
			name = Release;
		};
/* End XCBuildConfiguration section */

/* Begin XCConfigurationList section */
		BA09601C21253CCA00900AF1 /* Build configuration list for PBXProject "Privateaddressbook" */ = {
			isa = XCConfigurationList;
			buildConfigurations = (
				BA09603121253CCB00900AF1 /* Debug */,
				BA09603221253CCB00900AF1 /* Release */,
			);
			defaultConfigurationIsVisible = 0;
			defaultConfigurationName = Release;
		};
		BA09603321253CCB00900AF1 /* Build configuration list for PBXNativeTarget "Privateaddressbook" */ = {
			isa = XCConfigurationList;
			buildConfigurations = (
				BA09603421253CCB00900AF1 /* Debug */,
				BA09603521253CCB00900AF1 /* Release */,
			);
			defaultConfigurationIsVisible = 0;
			defaultConfigurationName = Release;
		};
/* End XCConfigurationList section */
	};
	rootObject = BA09601921253CCA00900AF1 /* Project object */;
}
